
Microsoft Visual Studio Solution File, Format Version 12.00
# Visual Studio Version 16
VisualStudioVersion = 16.0.32106.194
MinimumVisualStudioVersion = 10.0.40219.1
Project("{FAE04EC0-301F-11D3-BF4B-00C04F79EFBC}") = "BankWagner", "BankWagner.csproj", "{DFAD312E-94FA-469A-A86C-20E5C28A68DB}"
EndProject
Global
	GlobalSection(SolutionConfigurationPlatforms) = preSolution
		Debug|Any CPU = Debug|Any CPU
		Release|Any CPU = Release|Any CPU
	EndGlobalSection
	GlobalSection(ProjectConfigurationPlatforms) = postSolution
		{DFAD312E-94FA-469A-A86C-20E5C28A68DB}.Debug|Any CPU.ActiveCfg = Debug|Any CPU
		{DFAD312E-94FA-469A-A86C-20E5C28A68DB}.Debug|Any CPU.Build.0 = Debug|Any CPU
		{DFAD312E-94FA-469A-A86C-20E5C28A68DB}.Release|Any CPU.ActiveCfg = Release|Any CPU
		{DFAD312E-94FA-469A-A86C-20E5C28A68DB}.Release|Any CPU.Build.0 = Release|Any CPU
	EndGlobalSection
	GlobalSection(SolutionProperties) = preSolution
		HideSolutionNode = FALSE
	EndGlobalSection
	GlobalSection(ExtensibilityGlobals) = postSolution
		SolutionGuid = {617E11C2-1292-47AD-9230-EF7051E95BEB}
	EndGlobalSection
EndGlobal
